
Microsoft Visual Studio Solution File, Format Version 12.00
# Visual Studio Version 17
VisualStudioVersion = 17.0.31903.59
MinimumVisualStudioVersion = 10.0.40219.1
Project("{FAE04EC0-301F-11D3-BF4B-00C04F79EFBC}") = "ConsoleApp1", "pekmonfightLvl2\ConsoleApp1.csproj", "{A0E3F0B8-9C68-4CB9-88F7-BB083DAD823C}"
EndProject
Global
	GlobalSection(SolutionConfigurationPlatforms) = preSolution
		Debug|Any CPU = Debug|Any CPU
		Release|Any CPU = Release|Any CPU
	EndGlobalSection
	GlobalSection(SolutionProperties) = preSolution
		HideSolutionNode = FALSE
	EndGlobalSection
	GlobalSection(ProjectConfigurationPlatforms) = postSolution
		{A0E3F0B8-9C68-4CB9-88F7-BB083DAD823C}.Debug|Any CPU.ActiveCfg = Debug|Any CPU
		{A0E3F0B8-9C68-4CB9-88F7-BB083DAD823C}.Debug|Any CPU.Build.0 = Debug|Any CPU
		{A0E3F0B8-9C68-4CB9-88F7-BB083DAD823C}.Release|Any CPU.ActiveCfg = Release|Any CPU
		{A0E3F0B8-9C68-4CB9-88F7-BB083DAD823C}.Release|Any CPU.Build.0 = Release|Any CPU
	EndGlobalSection
EndGlobal
